// !$*UTF8*$!
{
	archiveVersion = 1;
	classes = {
	};
	objectVersion = 48;
	objects = {

/* Begin PBXBuildFile section */
		058D4EA21FBC80030094E812 /* AppDelegate.swift in Sources */ = {isa = PBXBuildFile; fileRef = 058D4EA11FBC80030094E812 /* AppDelegate.swift */; };
		058D4EA71FBC80030094E812 /* Main.storyboard in Resources */ = {isa = PBXBuildFile; fileRef = 058D4EA51FBC80030094E812 /* Main.storyboard */; };
		058D4EA91FBC80030094E812 /* Assets.xcassets in Resources */ = {isa = PBXBuildFile; fileRef = 058D4EA81FBC80030094E812 /* Assets.xcassets */; };
		058D4EAC1FBC80030094E812 /* LaunchScreen.storyboard in Resources */ = {isa = PBXBuildFile; fileRef = 058D4EAA1FBC80030094E812 /* LaunchScreen.storyboard */; };
		058D4EB71FBC80030094E812 /* StarRatingsTests.swift in Sources */ = {isa = PBXBuildFile; fileRef = 058D4EB61FBC80030094E812 /* StarRatingsTests.swift */; };
		058D4EC21FBC80030094E812 /* StarRatingsUITests.swift in Sources */ = {isa = PBXBuildFile; fileRef = 058D4EC11FBC80030094E812 /* StarRatingsUITests.swift */; };
		058D4ED01FBC805E0094E812 /* TableWithStarController.swift in Sources */ = {isa = PBXBuildFile; fileRef = 058D4ECF1FBC805E0094E812 /* TableWithStarController.swift */; };
		058D4ED21FBC80740094E812 /* StarCell.swift in Sources */ = {isa = PBXBuildFile; fileRef = 058D4ED11FBC80740094E812 /* StarCell.swift */; };
		058D4ED41FBC80890094E812 /* StarRatingView.swift in Sources */ = {isa = PBXBuildFile; fileRef = 058D4ED31FBC80890094E812 /* StarRatingView.swift */; };
/* End PBXBuildFile section */

/* Begin PBXContainerItemProxy section */
		058D4EB31FBC80030094E812 /* PBXContainerItemProxy */ = {
			isa = PBXContainerItemProxy;
			containerPortal = 058D4E961FBC80030094E812 /* Project object */;
			proxyType = 1;
			remoteGlobalIDString = 058D4E9D1FBC80030094E812;
			remoteInfo = StarRatings;
		};
		058D4EBE1FBC80030094E812 /* PBXContainerItemProxy */ = {
			isa = PBXContainerItemProxy;
			containerPortal = 058D4E961FBC80030094E812 /* Project object */;
			proxyType = 1;
			remoteGlobalIDString = 058D4E9D1FBC80030094E812;
			remoteInfo = StarRatings;
		};
/* End PBXContainerItemProxy section */

/* Begin PBXFileReference section */
		058D4E9E1FBC80030094E812 /* StarRatings.app */ = {isa = PBXFileReference; explicitFileType = wrapper.application; includeInIndex = 0; path = StarRatings.app; sourceTree = BUILT_PRODUCTS_DIR; };
		058D4EA11FBC80030094E812 /* AppDelegate.swift */ = {isa = PBXFileReference; lastKnownFileType = sourcecode.swift; path = AppDelegate.swift; sourceTree = "<group>"; };
		058D4EA61FBC80030094E812 /* Base */ = {isa = PBXFileReference; lastKnownFileType = file.storyboard; name = Base; path = Base.lproj/Main.storyboard; sourceTree = "<group>"; };
		058D4EA81FBC80030094E812 /* Assets.xcassets */ = {isa = PBXFileReference; lastKnownFileType = folder.assetcatalog; path = Assets.xcassets; sourceTree = "<group>"; };
		058D4EAB1FBC80030094E812 /* Base */ = {isa = PBXFileReference; lastKnownFileType = file.storyboard; name = Base; path = Base.lproj/LaunchScreen.storyboard; sourceTree = "<group>"; };
		058D4EAD1FBC80030094E812 /* Info.plist */ = {isa = PBXFileReference; lastKnownFileType = text.plist.xml; path = Info.plist; sourceTree = "<group>"; };
		058D4EB21FBC80030094E812 /* StarRatingsTests.xctest */ = {isa = PBXFileReference; explicitFileType = wrapper.cfbundle; includeInIndex = 0; path = StarRatingsTests.xctest; sourceTree = BUILT_PRODUCTS_DIR; };
		058D4EB61FBC80030094E812 /* StarRatingsTests.swift */ = {isa = PBXFileReference; lastKnownFileType = sourcecode.swift; path = StarRatingsTests.swift; sourceTree = "<group>"; };
		058D4EB81FBC80030094E812 /* Info.plist */ = {isa = PBXFileReference; lastKnownFileType = text.plist.xml; path = Info.plist; sourceTree = "<group>"; };
		058D4EBD1FBC80030094E812 /* StarRatingsUITests.xctest */ = {isa = PBXFileReference; explicitFileType = wrapper.cfbundle; includeInIndex = 0; path = StarRatingsUITests.xctest; sourceTree = BUILT_PRODUCTS_DIR; };
		058D4EC11FBC80030094E812 /* StarRatingsUITests.swift */ = {isa = PBXFileReference; lastKnownFileType = sourcecode.swift; path = StarRatingsUITests.swift; sourceTree = "<group>"; };
		058D4EC31FBC80040094E812 /* Info.plist */ = {isa = PBXFileReference; lastKnownFileType = text.plist.xml; path = Info.plist; sourceTree = "<group>"; };
		058D4ECF1FBC805E0094E812 /* TableWithStarController.swift */ = {isa = PBXFileReference; lastKnownFileType = sourcecode.swift; path = TableWithStarController.swift; sourceTree = "<group>"; };
		058D4ED11FBC80740094E812 /* StarCell.swift */ = {isa = PBXFileReference; lastKnownFileType = sourcecode.swift; path = StarCell.swift; sourceTree = "<group>"; };
		058D4ED31FBC80890094E812 /* StarRatingView.swift */ = {isa = PBXFileReference; lastKnownFileType = sourcecode.swift; path = StarRatingView.swift; sourceTree = "<group>"; };
/* End PBXFileReference section */

/* Begin PBXFrameworksBuildPhase section */
		058D4E9B1FBC80030094E812 /* Frameworks */ = {
			isa = PBXFrameworksBuildPhase;
			buildActionMask = 2147483647;
			files = (
			);
			runOnlyForDeploymentPostprocessing = 0;
		};
		058D4EAF1FBC80030094E812 /* Frameworks */ = {
			isa = PBXFrameworksBuildPhase;
			buildActionMask = 2147483647;
			files = (
			);
			runOnlyForDeploymentPostprocessing = 0;
		};
		058D4EBA1FBC80030094E812 /* Frameworks */ = {
			isa = PBXFrameworksBuildPhase;
			buildActionMask = 2147483647;
			files = (
			);
			runOnlyForDeploymentPostprocessing = 0;
		};
/* End PBXFrameworksBuildPhase section */

/* Begin PBXGroup section */
		058D4E951FBC80030094E812 = {
			isa = PBXGroup;
			children = (
				058D4EA01FBC80030094E812 /* StarRatings */,
				058D4EB51FBC80030094E812 /* StarRatingsTests */,
				058D4EC01FBC80030094E812 /* StarRatingsUITests */,
				058D4E9F1FBC80030094E812 /* Products */,
			);
			sourceTree = "<group>";
		};
		058D4E9F1FBC80030094E812 /* Products */ = {
			isa = PBXGroup;
			children = (
				058D4E9E1FBC80030094E812 /* StarRatings.app */,
				058D4EB21FBC80030094E812 /* StarRatingsTests.xctest */,
				058D4EBD1FBC80030094E812 /* StarRatingsUITests.xctest */,
			);
			name = Products;
			sourceTree = "<group>";
		};
		058D4EA01FBC80030094E812 /* StarRatings */ = {
			isa = PBXGroup;
			children = (
				058D4EA11FBC80030094E812 /* AppDelegate.swift */,
				058D4ED11FBC80740094E812 /* StarCell.swift */,
				058D4ED31FBC80890094E812 /* StarRatingView.swift */,
				058D4ECF1FBC805E0094E812 /* TableWithStarController.swift */,
				058D4EA51FBC80030094E812 /* Main.storyboard */,
				058D4EA81FBC80030094E812 /* Assets.xcassets */,
				058D4EAA1FBC80030094E812 /* LaunchScreen.storyboard */,
				058D4EAD1FBC80030094E812 /* Info.plist */,
			);
			path = StarRatings;
			sourceTree = "<group>";
		};
		058D4EB51FBC80030094E812 /* StarRatingsTests */ = {
			isa = PBXGroup;
			children = (
				058D4EB61FBC80030094E812 /* StarRatingsTests.swift */,
				058D4EB81FBC80030094E812 /* Info.plist */,
			);
			path = StarRatingsTests;
			sourceTree = "<group>";
		};
		058D4EC01FBC80030094E812 /* StarRatingsUITests */ = {
			isa = PBXGroup;
			children = (
				058D4EC11FBC80030094E812 /* StarRatingsUITests.swift */,
				058D4EC31FBC80040094E812 /* Info.plist */,
			);
			path = StarRatingsUITests;
			sourceTree = "<group>";
		};
/* End PBXGroup section */

/* Begin PBXNativeTarget section */
		058D4E9D1FBC80030094E812 /* StarRatings */ = {
			isa = PBXNativeTarget;
			buildConfigurationList = 058D4EC61FBC80040094E812 /* Build configuration list for PBXNativeTarget "StarRatings" */;
			buildPhases = (
				058D4E9A1FBC80030094E812 /* Sources */,
				058D4E9B1FBC80030094E812 /* Frameworks */,
				058D4E9C1FBC80030094E812 /* Resources */,
			);
			buildRules = (
			);
			dependencies = (
			);
			name = StarRatings;
			productName = StarRatings;
			productReference = 058D4E9E1FBC80030094E812 /* StarRatings.app */;
			productType = "com.apple.product-type.application";
		};
		058D4EB11FBC80030094E812 /* StarRatingsTests */ = {
			isa = PBXNativeTarget;
			buildConfigurationList = 058D4EC91FBC80040094E812 /* Build configuration list for PBXNativeTarget "StarRatingsTests" */;
			buildPhases = (
				058D4EAE1FBC80030094E812 /* Sources */,
				058D4EAF1FBC80030094E812 /* Frameworks */,
				058D4EB01FBC80030094E812 /* Resources */,
			);
			buildRules = (
			);
			dependencies = (
				058D4EB41FBC80030094E812 /* PBXTargetDependency */,
			);
			name = StarRatingsTests;
			productName = StarRatingsTests;
			productReference = 058D4EB21FBC80030094E812 /* StarRatingsTests.xctest */;
			productType = "com.apple.product-type.bundle.unit-test";
		};
		058D4EBC1FBC80030094E812 /* StarRatingsUITests */ = {
			isa = PBXNativeTarget;
			buildConfigurationList = 058D4ECC1FBC80040094E812 /* Build configuration list for PBXNativeTarget "StarRatingsUITests" */;
			buildPhases = (
				058D4EB91FBC80030094E812 /* Sources */,
				058D4EBA1FBC80030094E812 /* Frameworks */,
				058D4EBB1FBC80030094E812 /* Resources */,
			);
			buildRules = (
			);
			dependencies = (
				058D4EBF1FBC80030094E812 /* PBXTargetDependency */,
			);
			name = StarRatingsUITests;
			productName = StarRatingsUITests;
			productReference = 058D4EBD1FBC80030094E812 /* StarRatingsUITests.xctest */;
			productType = "com.apple.product-type.bundle.ui-testing";
		};
/* End PBXNativeTarget section */

/* Begin PBXProject section */
		058D4E961FBC80030094E812 /* Project object */ = {
			isa = PBXProject;
			attributes = {
				LastSwiftUpdateCheck = 0900;
				LastUpgradeCheck = 0900;
				ORGANIZATIONNAME = "Ritu Raj";
				TargetAttributes = {
					058D4E9D1FBC80030094E812 = {
						CreatedOnToolsVersion = 9.0;
						ProvisioningStyle = Automatic;
					};
					058D4EB11FBC80030094E812 = {
						CreatedOnToolsVersion = 9.0;
						ProvisioningStyle = Automatic;
						TestTargetID = 058D4E9D1FBC80030094E812;
					};
					058D4EBC1FBC80030094E812 = {
						CreatedOnToolsVersion = 9.0;
						ProvisioningStyle = Automatic;
						TestTargetID = 058D4E9D1FBC80030094E812;
					};
				};
			};
			buildConfigurationList = 058D4E991FBC80030094E812 /* Build configuration list for PBXProject "StarRatings" */;
			compatibilityVersion = "Xcode 8.0";
			developmentRegion = en;
			hasScannedForEncodings = 0;
			knownRegions = (
				en,
				Base,
			);
			mainGroup = 058D4E951FBC80030094E812;
			productRefGroup = 058D4E9F1FBC80030094E812 /* Products */;
			projectDirPath = "";
			projectRoot = "";
			targets = (
				058D4E9D1FBC80030094E812 /* StarRatings */,
				058D4EB11FBC80030094E812 /* StarRatingsTests */,
				058D4EBC1FBC80030094E812 /* StarRatingsUITests */,
			);
		};
/* End PBXProject section */

/* Begin PBXResourcesBuildPhase section */
		058D4E9C1FBC80030094E812 /* Resources */ = {
			isa = PBXResourcesBuildPhase;
			buildActionMask = 2147483647;
			files = (
				058D4EAC1FBC80030094E812 /* LaunchScreen.storyboard in Resources */,
				058D4EA91FBC80030094E812 /* Assets.xcassets in Resources */,
				058D4EA71FBC80030094E812 /* Main.storyboard in Resources */,
			);
			runOnlyForDeploymentPostprocessing = 0;
		};
		058D4EB01FBC80030094E812 /* Resources */ = {
			isa = PBXResourcesBuildPhase;
			buildActionMask = 2147483647;
			files = (
			);
			runOnlyForDeploymentPostprocessing = 0;
		};
		058D4EBB1FBC80030094E812 /* Resources */ = {
			isa = PBXResourcesBuildPhase;
			buildActionMask = 2147483647;
			files = (
			);
			runOnlyForDeploymentPostprocessing = 0;
		};
/* End PBXResourcesBuildPhase section */

/* Begin PBXSourcesBuildPhase section */
		058D4E9A1FBC80030094E812 /* Sources */ = {
			isa = PBXSourcesBuildPhase;
			buildActionMask = 2147483647;
			files = (
				058D4EA21FBC80030094E812 /* AppDelegate.swift in Sources */,
				058D4ED01FBC805E0094E812 /* TableWithStarController.swift in Sources */,
				058D4ED41FBC80890094E812 /* StarRatingView.swift in Sources */,
				058D4ED21FBC80740094E812 /* StarCell.swift in Sources */,
			);
			runOnlyForDeploymentPostprocessing = 0;
		};
		058D4EAE1FBC80030094E812 /* Sources */ = {
			isa = PBXSourcesBuildPhase;
			buildActionMask = 2147483647;
			files = (
				058D4EB71FBC80030094E812 /* StarRatingsTests.swift in Sources */,
			);
			runOnlyForDeploymentPostprocessing = 0;
		};
		058D4EB91FBC80030094E812 /* Sources */ = {
			isa = PBXSourcesBuildPhase;
			buildActionMask = 2147483647;
			files = (
				058D4EC21FBC80030094E812 /* StarRatingsUITests.swift in Sources */,
			);
			runOnlyForDeploymentPostprocessing = 0;
		};
/* End PBXSourcesBuildPhase section */

/* Begin PBXTargetDependency section */
		058D4EB41FBC80030094E812 /* PBXTargetDependency */ = {
			isa = PBXTargetDependency;
			target = 058D4E9D1FBC80030094E812 /* StarRatings */;
			targetProxy = 058D4EB31FBC80030094E812 /* PBXContainerItemProxy */;
		};
		058D4EBF1FBC80030094E812 /* PBXTargetDependency */ = {
			isa = PBXTargetDependency;
			target = 058D4E9D1FBC80030094E812 /* StarRatings */;
			targetProxy = 058D4EBE1FBC80030094E812 /* PBXContainerItemProxy */;
		};
/* End PBXTargetDependency section */

/* Begin PBXVariantGroup section */
		058D4EA51FBC80030094E812 /* Main.storyboard */ = {
			isa = PBXVariantGroup;
			children = (
				058D4EA61FBC80030094E812 /* Base */,
			);
			name = Main.storyboard;
			sourceTree = "<group>";
		};
		058D4EAA1FBC80030094E812 /* LaunchScreen.storyboard */ = {
			isa = PBXVariantGroup;
			children = (
				058D4EAB1FBC80030094E812 /* Base */,
			);
			name = LaunchScreen.storyboard;
			sourceTree = "<group>";
		};
/* End PBXVariantGroup section */

/* Begin XCBuildConfiguration section */
		058D4EC41FBC80040094E812 /* Debug */ = {
			isa = XCBuildConfiguration;
			buildSettings = {
				ALWAYS_SEARCH_USER_PATHS = NO;
				CLANG_ANALYZER_NONNULL = YES;
				CLANG_ANALYZER_NUMBER_OBJECT_CONVERSION = YES_AGGRESSIVE;
				CLANG_CXX_LANGUAGE_STANDARD = "gnu++14";
				CLANG_CXX_LIBRARY = "libc++";
				CLANG_ENABLE_MODULES = YES;
				CLANG_ENABLE_OBJC_ARC = YES;
				CLANG_WARN_BLOCK_CAPTURE_AUTORELEASING = YES;
				CLANG_WARN_BOOL_CONVERSION = YES;
				CLANG_WARN_COMMA = YES;
				CLANG_WARN_CONSTANT_CONVERSION = YES;
				CLANG_WARN_DIRECT_OBJC_ISA_USAGE = YES_ERROR;
				CLANG_WARN_DOCUMENTATION_COMMENTS = YES;
				CLANG_WARN_EMPTY_BODY = YES;
				CLANG_WARN_ENUM_CONVERSION = YES;
				CLANG_WARN_INFINITE_RECURSION = YES;
				CLANG_WARN_INT_CONVERSION = YES;
				CLANG_WARN_NON_LITERAL_NULL_CONVERSION = YES;
				CLANG_WARN_OBJC_LITERAL_CONVERSION = YES;
				CLANG_WARN_OBJC_ROOT_CLASS = YES_ERROR;
				CLANG_WARN_RANGE_LOOP_ANALYSIS = YES;
				CLANG_WARN_STRICT_PROTOTYPES = YES;
				CLANG_WARN_SUSPICIOUS_MOVE = YES;
				CLANG_WARN_UNGUARDED_AVAILABILITY = YES_AGGRESSIVE;
				CLANG_WARN_UNREACHABLE_CODE = YES;
				CLANG_WARN__DUPLICATE_METHOD_MATCH = YES;
				CODE_SIGN_IDENTITY = "iPhone Developer";
				COPY_PHASE_STRIP = NO;
				DEBUG_INFORMATION_FORMAT = dwarf;
				ENABLE_STRICT_OBJC_MSGSEND = YES;
				ENABLE_TESTABILITY = YES;
				GCC_C_LANGUAGE_STANDARD = gnu11;
				GCC_DYNAMIC_NO_PIC = NO;
				GCC_NO_COMMON_BLOCKS = YES;
				GCC_OPTIMIZATION_LEVEL = 0;
				GCC_PREPROCESSOR_DEFINITIONS = (
					"DEBUG=1",
					"$(inherited)",
				);
				GCC_WARN_64_TO_32_BIT_CONVERSION = YES;
				GCC_WARN_ABOUT_RETURN_TYPE = YES_ERROR;
				GCC_WARN_UNDECLARED_SELECTOR = YES;
				GCC_WARN_UNINITIALIZED_AUTOS = YES_AGGRESSIVE;
				GCC_WARN_UNUSED_FUNCTION = YES;
				GCC_WARN_UNUSED_VARIABLE = YES;
				IPHONEOS_DEPLOYMENT_TARGET = 11.0;
				MTL_ENABLE_DEBUG_INFO = YES;
				ONLY_ACTIVE_ARCH = YES;
				SDKROOT = iphoneos;
				SWIFT_ACTIVE_COMPILATION_CONDITIONS = DEBUG;
				SWIFT_OPTIMIZATION_LEVEL = "-Onone";
			};
			name = Debug;
		};
		058D4EC51FBC80040094E812 /* Release */ = {
			isa = XCBuildConfiguration;
			buildSettings = {
				ALWAYS_SEARCH_USER_PATHS = NO;
				CLANG_ANALYZER_NONNULL = YES;
				CLANG_ANALYZER_NUMBER_OBJECT_CONVERSION = YES_AGGRESSIVE;
				CLANG_CXX_LANGUAGE_STANDARD = "gnu++14";
				CLANG_CXX_LIBRARY = "libc++";
				CLANG_ENABLE_MODULES = YES;
				CLANG_ENABLE_OBJC_ARC = YES;
				CLANG_WARN_BLOCK_CAPTURE_AUTORELEASING = YES;
				CLANG_WARN_BOOL_CONVERSION = YES;
				CLANG_WARN_COMMA = YES;
				CLANG_WARN_CONSTANT_CONVERSION = YES;
				CLANG_WARN_DIRECT_OBJC_ISA_USAGE = YES_ERROR;
				CLANG_WARN_DOCUMENTATION_COMMENTS = YES;
				CLANG_WARN_EMPTY_BODY = YES;
				CLANG_WARN_ENUM_CONVERSION = YES;
				CLANG_WARN_INFINITE_RECURSION = YES;
				CLANG_WARN_INT_CONVERSION = YES;
				CLANG_WARN_NON_LITERAL_NULL_CONVERSION = YES;
				CLANG_WARN_OBJC_LITERAL_CONVERSION = YES;
				CLANG_WARN_OBJC_ROOT_CLASS = YES_ERROR;
				CLANG_WARN_RANGE_LOOP_ANALYSIS = YES;
				CLANG_WARN_STRICT_PROTOTYPES = YES;
				CLANG_WARN_SUSPICIOUS_MOVE = YES;
				CLANG_WARN_UNGUARDED_AVAILABILITY = YES_AGGRESSIVE;
				CLANG_WARN_UNREACHABLE_CODE = YES;
				CLANG_WARN__DUPLICATE_METHOD_MATCH = YES;
				CODE_SIGN_IDENTITY = "iPhone Developer";
				COPY_PHASE_STRIP = NO;
				DEBUG_INFORMATION_FORMAT = "dwarf-with-dsym";
				ENABLE_NS_ASSERTIONS = NO;
				ENABLE_STRICT_OBJC_MSGSEND = YES;
				GCC_C_LANGUAGE_STANDARD = gnu11;
				GCC_NO_COMMON_BLOCKS = YES;
				GCC_WARN_64_TO_32_BIT_CONVERSION = YES;
				GCC_WARN_ABOUT_RETURN_TYPE = YES_ERROR;
				GCC_WARN_UNDECLARED_SELECTOR = YES;
				GCC_WARN_UNINITIALIZED_AUTOS = YES_AGGRESSIVE;
				GCC_WARN_UNUSED_FUNCTION = YES;
				GCC_WARN_UNUSED_VARIABLE = YES;
				IPHONEOS_DEPLOYMENT_TARGET = 11.0;
				MTL_ENABLE_DEBUG_INFO = NO;
				SDKROOT = iphoneos;
				SWIFT_OPTIMIZATION_LEVEL = "-Owholemodule";
				VALIDATE_PRODUCT = YES;
			};
			name = Release;
		};
		058D4EC71FBC80040094E812 /* Debug */ = {
			isa = XCBuildConfiguration;
			buildSettings = {
				ASSETCATALOG_COMPILER_APPICON_NAME = AppIcon;
				CODE_SIGN_STYLE = Automatic;
				DEVELOPMENT_TEAM = HHNMG7TU8U;
				INFOPLIST_FILE = StarRatings/Info.plist;
				IPHONEOS_DEPLOYMENT_TARGET = 9.0;
				LD_RUNPATH_SEARCH_PATHS = "$(inherited) @executable_path/Frameworks";
				PRODUCT_BUNDLE_IDENTIFIER = com.acknown.StarRatings;
				PRODUCT_NAME = "$(TARGET_NAME)";
				SWIFT_VERSION = 4.0;
				TARGETED_DEVICE_FAMILY = "1,2";
			};
			name = Debug;
		};
		058D4EC81FBC80040094E812 /* Release */ = {
			isa = XCBuildConfiguration;
			buildSettings = {
				ASSETCATALOG_COMPILER_APPICON_NAME = AppIcon;
				CODE_SIGN_STYLE = Automatic;
				DEVELOPMENT_TEAM = HHNMG7TU8U;
				INFOPLIST_FILE = StarRatings/Info.plist;
				IPHONEOS_DEPLOYMENT_TARGET = 9.0;
				LD_RUNPATH_SEARCH_PATHS = "$(inherited) @executable_path/Frameworks";
				PRODUCT_BUNDLE_IDENTIFIER = com.acknown.StarRatings;
				PRODUCT_NAME = "$(TARGET_NAME)";
				SWIFT_VERSION = 4.0;
				TARGETED_DEVICE_FAMILY = "1,2";
			};
			name = Release;
		};
		058D4ECA1FBC80040094E812 /* Debug */ = {
			isa = XCBuildConfiguration;
			buildSettings = {
				ALWAYS_EMBED_SWIFT_STANDARD_LIBRARIES = YES;
				BUNDLE_LOADER = "$(TEST_HOST)";
				CODE_SIGN_STYLE = Automatic;
				DEVELOPMENT_TEAM = HHNMG7TU8U;
				INFOPLIST_FILE = StarRatingsTests/Info.plist;
				LD_RUNPATH_SEARCH_PATHS = "$(inherited) @executable_path/Frameworks @loader_path/Frameworks";
				PRODUCT_BUNDLE_IDENTIFIER = com.acknown.StarRatingsTests;
				PRODUCT_NAME = "$(TARGET_NAME)";
				SWIFT_VERSION = 4.0;
				TARGETED_DEVICE_FAMILY = "1,2";
				TEST_HOST = "$(BUILT_PRODUCTS_DIR)/StarRatings.app/StarRatings";
			};
			name = Debug;
		};
		058D4ECB1FBC80040094E812 /* Release */ = {
			isa = XCBuildConfiguration;
			buildSettings = {
				ALWAYS_EMBED_SWIFT_STANDARD_LIBRARIES = YES;
				BUNDLE_LOADER = "$(TEST_HOST)";
				CODE_SIGN_STYLE = Automatic;
				DEVELOPMENT_TEAM = HHNMG7TU8U;
				INFOPLIST_FILE = StarRatingsTests/Info.plist;
				LD_RUNPATH_SEARCH_PATHS = "$(inherited) @executable_path/Frameworks @loader_path/Frameworks";
				PRODUCT_BUNDLE_IDENTIFIER = com.acknown.StarRatingsTests;
				PRODUCT_NAME = "$(TARGET_NAME)";
				SWIFT_VERSION = 4.0;
				TARGETED_DEVICE_FAMILY = "1,2";
				TEST_HOST = "$(BUILT_PRODUCTS_DIR)/StarRatings.app/StarRatings";
			};
			name = Release;
		};
		058D4ECD1FBC80040094E812 /* Debug */ = {
			isa = XCBuildConfiguration;
			buildSettings = {
				ALWAYS_EMBED_SWIFT_STANDARD_LIBRARIES = YES;
				CODE_SIGN_STYLE = Automatic;
				DEVELOPMENT_TEAM = HHNMG7TU8U;
				INFOPLIST_FILE = StarRatingsUITests/Info.plist;
				LD_RUNPATH_SEARCH_PATHS = "$(inherited) @executable_path/Frameworks @loader_path/Frameworks";
				PRODUCT_BUNDLE_IDENTIFIER = com.acknown.StarRatingsUITests;
				PRODUCT_NAME = "$(TARGET_NAME)";
				SWIFT_VERSION = 4.0;
				TARGETED_DEVICE_FAMILY = "1,2";
				TEST_TARGET_NAME = StarRatings;
			};
			name = Debug;
		};
		058D4ECE1FBC80040094E812 /* Release */ = {
			isa = XCBuildConfiguration;
			buildSettings = {
				ALWAYS_EMBED_SWIFT_STANDARD_LIBRARIES = YES;
				CODE_SIGN_STYLE = Automatic;
				DEVELOPMENT_TEAM = HHNMG7TU8U;
				INFOPLIST_FILE = StarRatingsUITests/Info.plist;
				LD_RUNPATH_SEARCH_PATHS = "$(inherited) @executable_path/Frameworks @loader_path/Frameworks";
				PRODUCT_BUNDLE_IDENTIFIER = com.acknown.StarRatingsUITests;
				PRODUCT_NAME = "$(TARGET_NAME)";
				SWIFT_VERSION = 4.0;
				TARGETED_DEVICE_FAMILY = "1,2";
				TEST_TARGET_NAME = StarRatings;
			};
			name = Release;
		};
/* End XCBuildConfiguration section */

/* Begin XCConfigurationList section */
		058D4E991FBC80030094E812 /* Build configuration list for PBXProject "StarRatings" */ = {
			isa = XCConfigurationList;
			buildConfigurations = (
				058D4EC41FBC80040094E812 /* Debug */,
				058D4EC51FBC80040094E812 /* Release */,
			);
			defaultConfigurationIsVisible = 0;
			defaultConfigurationName = Release;
		};
		058D4EC61FBC80040094E812 /* Build configuration list for PBXNativeTarget "StarRatings" */ = {
			isa = XCConfigurationList;
			buildConfigurations = (
				058D4EC71FBC80040094E812 /* Debug */,
				058D4EC81FBC80040094E812 /* Release */,
			);
			defaultConfigurationIsVisible = 0;
			defaultConfigurationName = Release;
		};
		058D4EC91FBC80040094E812 /* Build configuration list for PBXNativeTarget "StarRatingsTests" */ = {
			isa = XCConfigurationList;
			buildConfigurations = (
				058D4ECA1FBC80040094E812 /* Debug */,
				058D4ECB1FBC80040094E812 /* Release */,
			);
			defaultConfigurationIsVisible = 0;
			defaultConfigurationName = Release;
		};
		058D4ECC1FBC80040094E812 /* Build configuration list for PBXNativeTarget "StarRatingsUITests" */ = {
			isa = XCConfigurationList;
			buildConfigurations = (
				058D4ECD1FBC80040094E812 /* Debug */,
				058D4ECE1FBC80040094E812 /* Release */,
			);
			defaultConfigurationIsVisible = 0;
			defaultConfigurationName = Release;
		};
/* End XCConfigurationList section */
	};
	rootObject = 058D4E961FBC80030094E812 /* Project object */;
}
